Microsoft Visual Studio Solution File, Format Version 12.00
# Visual Studio 15
VisualStudioVersion = 15.0.26730.16
MinimumVisualStudioVersion = 10.0.40219.1
Project("{FAE04EC0-301F-11D3-BF4B-00C04F79EFBC}") = "PrintPageLayout_2017", "PrintPageLayout_2017.csproj", "{5CE29EE2-19CC-4FE6-ADB6-9B914EAC567E}"
EndProject
Global
	GlobalSection(SolutionConfigurationPlatforms) = preSolution
		Debug|Any CPU = Debug|Any CPU
		Debug-Xml|Any CPU = Debug-Xml|Any CPU
		Release|Any CPU = Release|Any CPU
		Release-Xml|Any CPU = Release-Xml|Any CPU
	EndGlobalSection
	GlobalSection(ProjectConfigurationPlatforms) = postSolution
		{5CE29EE2-19CC-4FE6-ADB6-9B914EAC567E}.Debug|Any CPU.ActiveCfg = Debug|Any CPU
		{5CE29EE2-19CC-4FE6-ADB6-9B914EAC567E}.Debug|Any CPU.Build.0 = Debug|Any CPU
		{5CE29EE2-19CC-4FE6-ADB6-9B914EAC567E}.Debug-Xml|Any CPU.ActiveCfg = Debug|Any CPU
		{5CE29EE2-19CC-4FE6-ADB6-9B914EAC567E}.Debug-Xml|Any CPU.Build.0 = Debug|Any CPU
		{5CE29EE2-19CC-4FE6-ADB6-9B914EAC567E}.Release|Any CPU.ActiveCfg = Release|Any CPU
		{5CE29EE2-19CC-4FE6-ADB6-9B914EAC567E}.Release|Any CPU.Build.0 = Release|Any CPU
		{5CE29EE2-19CC-4FE6-ADB6-9B914EAC567E}.Release-Xml|Any CPU.ActiveCfg = Release|Any CPU
		{5CE29EE2-19CC-4FE6-ADB6-9B914EAC567E}.Release-Xml|Any CPU.Build.0 = Release|Any CPU
	EndGlobalSection
	GlobalSection(SolutionProperties) = preSolution
		HideSolutionNode = FALSE
	EndGlobalSection
	GlobalSection(ExtensibilityGlobals) = postSolution
		SolutionGuid = {6383A801-9CC7-47EE-AC6A-7144958C4F49}
	EndGlobalSection
EndGlobal
